
Microsoft Visual Studio Solution File, Format Version 12.00
# Visual Studio Version 17
VisualStudioVersion = 17.0.32112.339
MinimumVisualStudioVersion = 10.0.40219.1
Project("{9A19103F-16F7-4668-BE54-9A1E7A4F7556}") = "LoanDomain", "LoanDomain\LoanDomain.csproj", "{63D47031-7818-4874-B4AD-E65649CA2A56}"
EndProject
Project("{9A19103F-16F7-4668-BE54-9A1E7A4F7556}") = "LoanDataAccess", "LoanDataAccess\LoanDataAccess.csproj", "{51F70053-4901-4A53-982A-4061AC594E25}"
EndProject
Project("{9A19103F-16F7-4668-BE54-9A1E7A4F7556}") = "Loan-App", "Loan-App\Loan-App.csproj", "{79B7C50D-E870-46F9-AB8C-F2F2C47CC055}"
EndProject
Global
	GlobalSection(SolutionConfigurationPlatforms) = preSolution
		Debug|Any CPU = Debug|Any CPU
		Release|Any CPU = Release|Any CPU
	EndGlobalSection
	GlobalSection(ProjectConfigurationPlatforms) = postSolution
		{63D47031-7818-4874-B4AD-E65649CA2A56}.Debug|Any CPU.ActiveCfg = Debug|Any CPU
		{63D47031-7818-4874-B4AD-E65649CA2A56}.Debug|Any CPU.Build.0 = Debug|Any CPU
		{63D47031-7818-4874-B4AD-E65649CA2A56}.Release|Any CPU.ActiveCfg = Release|Any CPU
		{63D47031-7818-4874-B4AD-E65649CA2A56}.Release|Any CPU.Build.0 = Release|Any CPU
		{51F70053-4901-4A53-982A-4061AC594E25}.Debug|Any CPU.ActiveCfg = Debug|Any CPU
		{51F70053-4901-4A53-982A-4061AC594E25}.Debug|Any CPU.Build.0 = Debug|Any CPU
		{51F70053-4901-4A53-982A-4061AC594E25}.Release|Any CPU.ActiveCfg = Release|Any CPU
		{51F70053-4901-4A53-982A-4061AC594E25}.Release|Any CPU.Build.0 = Release|Any CPU
		{79B7C50D-E870-46F9-AB8C-F2F2C47CC055}.Debug|Any CPU.ActiveCfg = Debug|Any CPU
		{79B7C50D-E870-46F9-AB8C-F2F2C47CC055}.Debug|Any CPU.Build.0 = Debug|Any CPU
		{79B7C50D-E870-46F9-AB8C-F2F2C47CC055}.Release|Any CPU.ActiveCfg = Release|Any CPU
		{79B7C50D-E870-46F9-AB8C-F2F2C47CC055}.Release|Any CPU.Build.0 = Release|Any CPU
	EndGlobalSection
	GlobalSection(SolutionProperties) = preSolution
		HideSolutionNode = FALSE
	EndGlobalSection
	GlobalSection(ExtensibilityGlobals) = postSolution
		SolutionGuid = {3B0AF07F-594A-46A8-8FF9-97DD767B049E}
	EndGlobalSection
EndGlobal
